
Microsoft Visual Studio Solution File, Format Version 12.00
# Visual Studio 15
VisualStudioVersion = 15.0.26124.0
MinimumVisualStudioVersion = 15.0.26124.0
Project("{2150E333-8FDC-42A3-9474-1A3956D46DE8}") = "src", "src", "{EC5D4AF9-7975-4652-AAE1-2FA0EE051EDF}"
EndProject
Project("{FAE04EC0-301F-11D3-BF4B-00C04F79EFBC}") = "PalTracker", "src\PalTracker\PalTracker.csproj", "{9EFB270F-4CB8-4CB7-8B35-8DFE9ECCF08F}"
EndProject
Project("{2150E333-8FDC-42A3-9474-1A3956D46DE8}") = "test", "test", "{1E3664C2-BB69-403C-9F96-57368B5BEEEF}"
EndProject
Project("{FAE04EC0-301F-11D3-BF4B-00C04F79EFBC}") = "PalTrackerTests", "test\PalTrackerTests\PalTrackerTests.csproj", "{32383195-FD3E-480E-9E8D-770D79A29D89}"
EndProject
Global
	GlobalSection(SolutionConfigurationPlatforms) = preSolution
		Debug|Any CPU = Debug|Any CPU
		Debug|x64 = Debug|x64
		Debug|x86 = Debug|x86
		Release|Any CPU = Release|Any CPU
		Release|x64 = Release|x64
		Release|x86 = Release|x86
	EndGlobalSection
	GlobalSection(SolutionProperties) = preSolution
		HideSolutionNode = FALSE
	EndGlobalSection
	GlobalSection(ProjectConfigurationPlatforms) = postSolution
		{9EFB270F-4CB8-4CB7-8B35-8DFE9ECCF08F}.Debug|Any CPU.ActiveCfg = Debug|Any CPU
		{9EFB270F-4CB8-4CB7-8B35-8DFE9ECCF08F}.Debug|Any CPU.Build.0 = Debug|Any CPU
		{9EFB270F-4CB8-4CB7-8B35-8DFE9ECCF08F}.Debug|x64.ActiveCfg = Debug|Any CPU
		{9EFB270F-4CB8-4CB7-8B35-8DFE9ECCF08F}.Debug|x64.Build.0 = Debug|Any CPU
		{9EFB270F-4CB8-4CB7-8B35-8DFE9ECCF08F}.Debug|x86.ActiveCfg = Debug|Any CPU
		{9EFB270F-4CB8-4CB7-8B35-8DFE9ECCF08F}.Debug|x86.Build.0 = Debug|Any CPU
		{9EFB270F-4CB8-4CB7-8B35-8DFE9ECCF08F}.Release|Any CPU.ActiveCfg = Release|Any CPU
		{9EFB270F-4CB8-4CB7-8B35-8DFE9ECCF08F}.Release|Any CPU.Build.0 = Release|Any CPU
		{9EFB270F-4CB8-4CB7-8B35-8DFE9ECCF08F}.Release|x64.ActiveCfg = Release|Any CPU
		{9EFB270F-4CB8-4CB7-8B35-8DFE9ECCF08F}.Release|x64.Build.0 = Release|Any CPU
		{9EFB270F-4CB8-4CB7-8B35-8DFE9ECCF08F}.Release|x86.ActiveCfg = Release|Any CPU
		{9EFB270F-4CB8-4CB7-8B35-8DFE9ECCF08F}.Release|x86.Build.0 = Release|Any CPU
		{32383195-FD3E-480E-9E8D-770D79A29D89}.Debug|Any CPU.ActiveCfg = Debug|Any CPU
		{32383195-FD3E-480E-9E8D-770D79A29D89}.Debug|Any CPU.Build.0 = Debug|Any CPU
		{32383195-FD3E-480E-9E8D-770D79A29D89}.Debug|x64.ActiveCfg = Debug|Any CPU
		{32383195-FD3E-480E-9E8D-770D79A29D89}.Debug|x64.Build.0 = Debug|Any CPU
		{32383195-FD3E-480E-9E8D-770D79A29D89}.Debug|x86.ActiveCfg = Debug|Any CPU
		{32383195-FD3E-480E-9E8D-770D79A29D89}.Debug|x86.Build.0 = Debug|Any CPU
		{32383195-FD3E-480E-9E8D-770D79A29D89}.Release|Any CPU.ActiveCfg = Release|Any CPU
		{32383195-FD3E-480E-9E8D-770D79A29D89}.Release|Any CPU.Build.0 = Release|Any CPU
		{32383195-FD3E-480E-9E8D-770D79A29D89}.Release|x64.ActiveCfg = Release|Any CPU
		{32383195-FD3E-480E-9E8D-770D79A29D89}.Release|x64.Build.0 = Release|Any CPU
		{32383195-FD3E-480E-9E8D-770D79A29D89}.Release|x86.ActiveCfg = Release|Any CPU
		{32383195-FD3E-480E-9E8D-770D79A29D89}.Release|x86.Build.0 = Release|Any CPU
	EndGlobalSection
	GlobalSection(NestedProjects) = preSolution
		{9EFB270F-4CB8-4CB7-8B35-8DFE9ECCF08F} = {EC5D4AF9-7975-4652-AAE1-2FA0EE051EDF}
		{32383195-FD3E-480E-9E8D-770D79A29D89} = {1E3664C2-BB69-403C-9F96-57368B5BEEEF}
	EndGlobalSection
EndGlobal
